{
	"name": "docpad-plugin-cachr-testsite",
	"version": "0.1.0",
	"lockfileVersion": 1,
	"requires": true,
	"dependencies": {
		"coffee-script": {
			"version": "1.12.7",
			"resolved": "https://registry.npmjs.org/coffee-script/-/coffee-script-1.12.7.tgz",
			"integrity": "sha512-fLeEhqwymYat/MpTPUjSKHVYYl0ec2mOyALEMLmzr5i1isuG+6jfI2j2d5oBO3VIzgUXgBVIcOT9uH1TFxBckw=="
		},
		"docpad-baseplugin": {
			"version": "1.4.0",
			"resolved": "https://registry.npmjs.org/docpad-baseplugin/-/docpad-baseplugin-1.4.0.tgz",
			"integrity": "sha512-WnOElWx6bW2E1OPNWb5rWlDM6bEsBHwhqvRzon16Cduw+XzGyL0SV15CiaEXrV6kq3fsgbALIcJs4r5GFP7Ucg==",
			"requires": {
				"eachr": "^4.5.0",
				"errlop": "^3.15.0",
				"extendr": "^5.13.0",
				"typechecker": "^7.13.0"
			}
		},
		"docpad-plugin-eco": {
			"version": "2.5.0",
			"resolved": "https://registry.npmjs.org/docpad-plugin-eco/-/docpad-plugin-eco-2.5.0.tgz",
			"integrity": "sha512-ox0kH9MAnPGxCQa9vrG1OTxEThc0IiMJqdKTkcuEX2kd158fCr8cxb2UwUZ8HwddcBJdIPPt+bc5m6uurylq7A==",
			"requires": {
				"docpad-baseplugin": "^1.4.0",
				"eco": "~1.1.0-rc-3"
			}
		},
		"eachr": {
			"version": "4.5.0",
			"resolved": "https://registry.npmjs.org/eachr/-/eachr-4.5.0.tgz",
			"integrity": "sha512-9I664RWp6p8jvcHZIwo7bWaiSaUmA1wNSLKwNZEiaYjqiTARq3cGjyRiIunsopZv4QMmX3T5Hs17QoPAzdYxfg==",
			"requires": {
				"typechecker": "^6.2.0"
			},
			"dependencies": {
				"typechecker": {
					"version": "6.4.0",
					"resolved": "https://registry.npmjs.org/typechecker/-/typechecker-6.4.0.tgz",
					"integrity": "sha512-EbOu+9szY13mhl0EsvLXnR+pTCa3gTHQQPLdce72ujcC9fRHXlVFBNXtHeRhgzLxLlKUh4zA9C0tezLDgshf+A=="
				}
			}
		},
		"eco": {
			"version": "1.1.0-rc-3",
			"resolved": "https://registry.npmjs.org/eco/-/eco-1.1.0-rc-3.tgz",
			"integrity": "sha1-dCoyxGFa9wWrPppGts5cFtvFcmI=",
			"requires": {
				"coffee-script": ">=1.2.0",
				"strscan": ">=1.0.1"
			}
		},
		"errlop": {
			"version": "3.17.0",
			"resolved": "https://registry.npmjs.org/errlop/-/errlop-3.17.0.tgz",
			"integrity": "sha512-TDlb+YMx08OiaLq1g7Hu0nDca/oLo+LpMEgEI2lybBKE1rB8qsqFgXzEbnn1LU6NfDCfIdVcl3073aO3ZLTYNg=="
		},
		"extendr": {
			"version": "5.15.0",
			"resolved": "https://registry.npmjs.org/extendr/-/extendr-5.15.0.tgz",
			"integrity": "sha512-a1apvUy+ndDPApmKc5G/nLdfv7sAtDWI//y96wgZXRo3Y8pTJgGHd6lirSzRka+CUU9rPsdyC2YNeX7W65xJTA==",
			"requires": {
				"typechecker": "^7.15.0"
			}
		},
		"strscan": {
			"version": "1.0.1",
			"resolved": "https://registry.npmjs.org/strscan/-/strscan-1.0.1.tgz",
			"integrity": "sha1-Ry2bwAxo6QbvL8Is33Yr58YazE0="
		},
		"typechecker": {
			"version": "7.16.0",
			"resolved": "https://registry.npmjs.org/typechecker/-/typechecker-7.16.0.tgz",
			"integrity": "sha512-WLSS5+46THIfvjDPXtms3IIRYO2qXxJ2qBUVEq1iKp+CiV29kXfi8ZPTt8QW9J1sLECZAVOx52OBfpPVzGzcQw=="
		}
	}
}
